
Microsoft Visual Studio Solution File, Format Version 12.00
# Visual Studio 15
Project("{FAE04EC0-301F-11D3-BF4B-00C04F79EFBC}") = "Assembly-CSharp", "Assembly-CSharp.csproj", "{5015B435-372A-4A83-BC2E-42954A7E8CFF}"
EndProject
Project("{FAE04EC0-301F-11D3-BF4B-00C04F79EFBC}") = "PhotonUnityNetworking.Demos", "PhotonUnityNetworking.Demos.csproj", "{C049D724-A549-07AF-6DC4-0A24AB23D02B}"
EndProject
Project("{FAE04EC0-301F-11D3-BF4B-00C04F79EFBC}") = "PhotonUnityNetworking.Utilities", "PhotonUnityNetworking.Utilities.csproj", "{1808FCAF-DCF0-D0B4-E64E-30E51BCAFEAD}"
EndProject
Project("{FAE04EC0-301F-11D3-BF4B-00C04F79EFBC}") = "PhotonChat", "PhotonChat.csproj", "{BB41C2EE-4035-D9CB-101D-57BD2C8D7AEA}"
EndProject
Project("{FAE04EC0-301F-11D3-BF4B-00C04F79EFBC}") = "PhotonUnityNetworking", "PhotonUnityNetworking.csproj", "{9AC3BB48-3B67-7866-7682-15EB68B9872A}"
EndProject
Project("{FAE04EC0-301F-11D3-BF4B-00C04F79EFBC}") = "PhotonRealtime", "PhotonRealtime.csproj", "{127C2874-BA46-2E45-6566-CFFE5D7610FA}"
EndProject
Project("{FAE04EC0-301F-11D3-BF4B-00C04F79EFBC}") = "PhotonUnityNetworking.Editor", "PhotonUnityNetworking.Editor.csproj", "{2281EB16-374B-4DFE-0467-D80CA7EC8F90}"
EndProject
Project("{FAE04EC0-301F-11D3-BF4B-00C04F79EFBC}") = "PunDemos.DemoSlotcarEditor", "PunDemos.DemoSlotcarEditor.csproj", "{09438611-FE4F-A1D8-5EC9-F1C6BA359594}"
EndProject
Project("{FAE04EC0-301F-11D3-BF4B-00C04F79EFBC}") = "PhotonUnityNetworking.Utilities.PhotonPlayer.Editor", "PhotonUnityNetworking.Utilities.PhotonPlayer.Editor.csproj", "{9D700D8B-AE5D-96FE-D6F6-C5E6EB8F12AE}"
EndProject
Project("{FAE04EC0-301F-11D3-BF4B-00C04F79EFBC}") = "PhotonUnityNetworking.Utilities.Culling.Editor", "PhotonUnityNetworking.Utilities.Culling.Editor.csproj", "{6BBCF343-DE65-884B-B0FE-5DC94D994235}"
EndProject
Project("{FAE04EC0-301F-11D3-BF4B-00C04F79EFBC}") = "PunDemos.DemoHubEditor", "PunDemos.DemoHubEditor.csproj", "{D79D6416-7214-B1DD-4F90-09CF745EA4AD}"
EndProject
Global
	GlobalSection(SolutionConfigurationPlatforms) = preSolution
		Debug|Any CPU = Debug|Any CPU
		Release|Any CPU = Release|Any CPU
	EndGlobalSection
	GlobalSection(ProjectConfigurationPlatforms) = postSolution
		{5015B435-372A-4A83-BC2E-42954A7E8CFF}.Debug|Any CPU.ActiveCfg = Debug|Any CPU
		{5015B435-372A-4A83-BC2E-42954A7E8CFF}.Debug|Any CPU.Build.0 = Debug|Any CPU
		{5015B435-372A-4A83-BC2E-42954A7E8CFF}.Release|Any CPU.ActiveCfg = Release|Any CPU
		{5015B435-372A-4A83-BC2E-42954A7E8CFF}.Release|Any CPU.Build.0 = Release|Any CPU
		{C049D724-A549-07AF-6DC4-0A24AB23D02B}.Debug|Any CPU.ActiveCfg = Debug|Any CPU
		{C049D724-A549-07AF-6DC4-0A24AB23D02B}.Debug|Any CPU.Build.0 = Debug|Any CPU
		{C049D724-A549-07AF-6DC4-0A24AB23D02B}.Release|Any CPU.ActiveCfg = Release|Any CPU
		{C049D724-A549-07AF-6DC4-0A24AB23D02B}.Release|Any CPU.Build.0 = Release|Any CPU
		{1808FCAF-DCF0-D0B4-E64E-30E51BCAFEAD}.Debug|Any CPU.ActiveCfg = Debug|Any CPU
		{1808FCAF-DCF0-D0B4-E64E-30E51BCAFEAD}.Debug|Any CPU.Build.0 = Debug|Any CPU
		{1808FCAF-DCF0-D0B4-E64E-30E51BCAFEAD}.Release|Any CPU.ActiveCfg = Release|Any CPU
		{1808FCAF-DCF0-D0B4-E64E-30E51BCAFEAD}.Release|Any CPU.Build.0 = Release|Any CPU
		{BB41C2EE-4035-D9CB-101D-57BD2C8D7AEA}.Debug|Any CPU.ActiveCfg = Debug|Any CPU
		{BB41C2EE-4035-D9CB-101D-57BD2C8D7AEA}.Debug|Any CPU.Build.0 = Debug|Any CPU
		{BB41C2EE-4035-D9CB-101D-57BD2C8D7AEA}.Release|Any CPU.ActiveCfg = Release|Any CPU
		{BB41C2EE-4035-D9CB-101D-57BD2C8D7AEA}.Release|Any CPU.Build.0 = Release|Any CPU
		{9AC3BB48-3B67-7866-7682-15EB68B9872A}.Debug|Any CPU.ActiveCfg = Debug|Any CPU
		{9AC3BB48-3B67-7866-7682-15EB68B9872A}.Debug|Any CPU.Build.0 = Debug|Any CPU
		{9AC3BB48-3B67-7866-7682-15EB68B9872A}.Release|Any CPU.ActiveCfg = Release|Any CPU
		{9AC3BB48-3B67-7866-7682-15EB68B9872A}.Release|Any CPU.Build.0 = Release|Any CPU
		{127C2874-BA46-2E45-6566-CFFE5D7610FA}.Debug|Any CPU.ActiveCfg = Debug|Any CPU
		{127C2874-BA46-2E45-6566-CFFE5D7610FA}.Debug|Any CPU.Build.0 = Debug|Any CPU
		{127C2874-BA46-2E45-6566-CFFE5D7610FA}.Release|Any CPU.ActiveCfg = Release|Any CPU
		{127C2874-BA46-2E45-6566-CFFE5D7610FA}.Release|Any CPU.Build.0 = Release|Any CPU
		{2281EB16-374B-4DFE-0467-D80CA7EC8F90}.Debug|Any CPU.ActiveCfg = Debug|Any CPU
		{2281EB16-374B-4DFE-0467-D80CA7EC8F90}.Debug|Any CPU.Build.0 = Debug|Any CPU
		{2281EB16-374B-4DFE-0467-D80CA7EC8F90}.Release|Any CPU.ActiveCfg = Release|Any CPU
		{2281EB16-374B-4DFE-0467-D80CA7EC8F90}.Release|Any CPU.Build.0 = Release|Any CPU
		{09438611-FE4F-A1D8-5EC9-F1C6BA359594}.Debug|Any CPU.ActiveCfg = Debug|Any CPU
		{09438611-FE4F-A1D8-5EC9-F1C6BA359594}.Debug|Any CPU.Build.0 = Debug|Any CPU
		{09438611-FE4F-A1D8-5EC9-F1C6BA359594}.Release|Any CPU.ActiveCfg = Release|Any CPU
		{09438611-FE4F-A1D8-5EC9-F1C6BA359594}.Release|Any CPU.Build.0 = Release|Any CPU
		{9D700D8B-AE5D-96FE-D6F6-C5E6EB8F12AE}.Debug|Any CPU.ActiveCfg = Debug|Any CPU
		{9D700D8B-AE5D-96FE-D6F6-C5E6EB8F12AE}.Debug|Any CPU.Build.0 = Debug|Any CPU
		{9D700D8B-AE5D-96FE-D6F6-C5E6EB8F12AE}.Release|Any CPU.ActiveCfg = Release|Any CPU
		{9D700D8B-AE5D-96FE-D6F6-C5E6EB8F12AE}.Release|Any CPU.Build.0 = Release|Any CPU
		{6BBCF343-DE65-884B-B0FE-5DC94D994235}.Debug|Any CPU.ActiveCfg = Debug|Any CPU
		{6BBCF343-DE65-884B-B0FE-5DC94D994235}.Debug|Any CPU.Build.0 = Debug|Any CPU
		{6BBCF343-DE65-884B-B0FE-5DC94D994235}.Release|Any CPU.ActiveCfg = Release|Any CPU
		{6BBCF343-DE65-884B-B0FE-5DC94D994235}.Release|Any CPU.Build.0 = Release|Any CPU
		{D79D6416-7214-B1DD-4F90-09CF745EA4AD}.Debug|Any CPU.ActiveCfg = Debug|Any CPU
		{D79D6416-7214-B1DD-4F90-09CF745EA4AD}.Debug|Any CPU.Build.0 = Debug|Any CPU
		{D79D6416-7214-B1DD-4F90-09CF745EA4AD}.Release|Any CPU.ActiveCfg = Release|Any CPU
		{D79D6416-7214-B1DD-4F90-09CF745EA4AD}.Release|Any CPU.Build.0 = Release|Any CPU
	EndGlobalSection
	GlobalSection(SolutionProperties) = preSolution
		HideSolutionNode = FALSE
	EndGlobalSection
EndGlobal
