
Microsoft Visual Studio Solution File, Format Version 11.00
# Visual Studio 2010
Project("{FAE04EC0-301F-11D3-BF4B-00C04F79EFBC}") = "Assembly-CSharp", "Assembly-CSharp.csproj", "{4d7bb047-a377-2e2d-dc52-9e9a8ea2e1bf}"
EndProject
Global
	GlobalSection(SolutionConfigurationPlatforms) = preSolution
		Debug|Any CPU = Debug|Any CPU
		Release|Any CPU = Release|Any CPU
	EndGlobalSection
	GlobalSection(ProjectConfigurationPlatforms) = postSolution
		{4d7bb047-a377-2e2d-dc52-9e9a8ea2e1bf}.Debug|Any CPU.ActiveCfg = Debug|Any CPU
		{4d7bb047-a377-2e2d-dc52-9e9a8ea2e1bf}.Debug|Any CPU.Build.0 = Debug|Any CPU
		{4d7bb047-a377-2e2d-dc52-9e9a8ea2e1bf}.Release|Any CPU.ActiveCfg = Release|Any CPU
		{4d7bb047-a377-2e2d-dc52-9e9a8ea2e1bf}.Release|Any CPU.Build.0 = Release|Any CPU
	EndGlobalSection
	GlobalSection(SolutionProperties) = preSolution
		HideSolutionNode = FALSE
	EndGlobalSection
EndGlobal
